// !$*UTF8*$!
{
	archiveVersion = 1;
	classes = {
	};
	objectVersion = 77;
	objects = {

/* Begin PBXContainerItemProxy section */
		4655F6042F7AAFB800BEDC75 /* PBXContainerItemProxy */ = {
			isa = PBXContainerItemProxy;
			containerPortal = 4655F5EE2F7AAFB500BEDC75 /* Project object */;
			proxyType = 1;
			remoteGlobalIDString = 4655F5F52F7AAFB500BEDC75;
			remoteInfo = WisprActionsChallange;
		};
		4655F60E2F7AAFB800BEDC75 /* PBXContainerItemProxy */ = {
			isa = PBXContainerItemProxy;
			containerPortal = 4655F5EE2F7AAFB500BEDC75 /* Project object */;
			proxyType = 1;
			remoteGlobalIDString = 4655F5F52F7AAFB500BEDC75;
			remoteInfo = WisprActionsChallange;
		};
/* End PBXContainerItemProxy section */

/* Begin PBXFileReference section */
		4655F5F62F7AAFB500BEDC75 /* WisprActionsChallange.app */ = {isa = PBXFileReference; explicitFileType = wrapper.application; includeInIndex = 0; path = WisprActionsChallange.app; sourceTree = BUILT_PRODUCTS_DIR; };
		4655F6032F7AAFB800BEDC75 /* WisprActionsChallangeTests.xctest */ = {isa = PBXFileReference; explicitFileType = wrapper.cfbundle; includeInIndex = 0; path = WisprActionsChallangeTests.xctest; sourceTree = BUILT_PRODUCTS_DIR; };
		4655F60D2F7AAFB800BEDC75 /* WisprActionsChallangeUITests.xctest */ = {isa = PBXFileReference; explicitFileType = wrapper.cfbundle; includeInIndex = 0; path = WisprActionsChallangeUITests.xctest; sourceTree = BUILT_PRODUCTS_DIR; };
/* End PBXFileReference section */

/* Begin PBXFileSystemSynchronizedRootGroup section */
		4655F5F82F7AAFB500BEDC75 /* WisprActionsChallange */ = {
			isa = PBXFileSystemSynchronizedRootGroup;
			path = WisprActionsChallange;
			sourceTree = "<group>";
		};
		4655F6062F7AAFB800BEDC75 /* WisprActionsChallangeTests */ = {
			isa = PBXFileSystemSynchronizedRootGroup;
			path = WisprActionsChallangeTests;
			sourceTree = "<group>";
		};
		4655F6102F7AAFB800BEDC75 /* WisprActionsChallangeUITests */ = {
			isa = PBXFileSystemSynchronizedRootGroup;
			path = WisprActionsChallangeUITests;
			sourceTree = "<group>";
		};
/* End PBXFileSystemSynchronizedRootGroup section */

/* Begin PBXFrameworksBuildPhase section */
		4655F5F32F7AAFB500BEDC75 /* Frameworks */ = {
			isa = PBXFrameworksBuildPhase;
			buildActionMask = 2147483647;
			files = (
			);
			runOnlyForDeploymentPostprocessing = 0;
		};
		4655F6002F7AAFB800BEDC75 /* Frameworks */ = {
			isa = PBXFrameworksBuildPhase;
			buildActionMask = 2147483647;
			files = (
			);
			runOnlyForDeploymentPostprocessing = 0;
		};
		4655F60A2F7AAFB800BEDC75 /* Frameworks */ = {
			isa = PBXFrameworksBuildPhase;
			buildActionMask = 2147483647;
			files = (
			);
			runOnlyForDeploymentPostprocessing = 0;
		};
/* End PBXFrameworksBuildPhase section */

/* Begin PBXGroup section */
		4655F5ED2F7AAFB500BEDC75 = {
			isa = PBXGroup;
			children = (
				4655F5F82F7AAFB500BEDC75 /* WisprActionsChallange */,
				4655F6062F7AAFB800BEDC75 /* WisprActionsChallangeTests */,
				4655F6102F7AAFB800BEDC75 /* WisprActionsChallangeUITests */,
				4655F5F72F7AAFB500BEDC75 /* Products */,
			);
			sourceTree = "<group>";
		};
		4655F5F72F7AAFB500BEDC75 /* Products */ = {
			isa = PBXGroup;
			children = (
				4655F5F62F7AAFB500BEDC75 /* WisprActionsChallange.app */,
				4655F6032F7AAFB800BEDC75 /* WisprActionsChallangeTests.xctest */,
				4655F60D2F7AAFB800BEDC75 /* WisprActionsChallangeUITests.xctest */,
			);
			name = Products;
			sourceTree = "<group>";
		};
/* End PBXGroup section */

/* Begin PBXNativeTarget section */
		4655F5F52F7AAFB500BEDC75 /* WisprActionsChallange */ = {
			isa = PBXNativeTarget;
			buildConfigurationList = 4655F6172F7AAFB800BEDC75 /* Build configuration list for PBXNativeTarget "WisprActionsChallange" */;
			buildPhases = (
				4655F5F22F7AAFB500BEDC75 /* Sources */,
				4655F5F32F7AAFB500BEDC75 /* Frameworks */,
				4655F5F42F7AAFB500BEDC75 /* Resources */,
			);
			buildRules = (
			);
			dependencies = (
			);
			fileSystemSynchronizedGroups = (
				4655F5F82F7AAFB500BEDC75 /* WisprActionsChallange */,
			);
			name = WisprActionsChallange;
			packageProductDependencies = (
			);
			productName = WisprActionsChallange;
			productReference = 4655F5F62F7AAFB500BEDC75 /* WisprActionsChallange.app */;
			productType = "com.apple.product-type.application";
		};
		4655F6022F7AAFB800BEDC75 /* WisprActionsChallangeTests */ = {
			isa = PBXNativeTarget;
			buildConfigurationList = 4655F61A2F7AAFB800BEDC75 /* Build configuration list for PBXNativeTarget "WisprActionsChallangeTests" */;
			buildPhases = (
				4655F5FF2F7AAFB800BEDC75 /* Sources */,
				4655F6002F7AAFB800BEDC75 /* Frameworks */,
				4655F6012F7AAFB800BEDC75 /* Resources */,
			);
			buildRules = (
			);
			dependencies = (
				4655F6052F7AAFB800BEDC75 /* PBXTargetDependency */,
			);
			fileSystemSynchronizedGroups = (
				4655F6062F7AAFB800BEDC75 /* WisprActionsChallangeTests */,
			);
			name = WisprActionsChallangeTests;
			packageProductDependencies = (
			);
			productName = WisprActionsChallangeTests;
			productReference = 4655F6032F7AAFB800BEDC75 /* WisprActionsChallangeTests.xctest */;
			productType = "com.apple.product-type.bundle.unit-test";
		};
		4655F60C2F7AAFB800BEDC75 /* WisprActionsChallangeUITests */ = {
			isa = PBXNativeTarget;
			buildConfigurationList = 4655F61D2F7AAFB800BEDC75 /* Build configuration list for PBXNativeTarget "WisprActionsChallangeUITests" */;
			buildPhases = (
				4655F6092F7AAFB800BEDC75 /* Sources */,
				4655F60A2F7AAFB800BEDC75 /* Frameworks */,
				4655F60B2F7AAFB800BEDC75 /* Resources */,
			);
			buildRules = (
			);
			dependencies = (
				4655F60F2F7AAFB800BEDC75 /* PBXTargetDependency */,
			);
			fileSystemSynchronizedGroups = (
				4655F6102F7AAFB800BEDC75 /* WisprActionsChallangeUITests */,
			);
			name = WisprActionsChallangeUITests;
			packageProductDependencies = (
			);
			productName = WisprActionsChallangeUITests;
			productReference = 4655F60D2F7AAFB800BEDC75 /* WisprActionsChallangeUITests.xctest */;
			productType = "com.apple.product-type.bundle.ui-testing";
		};
/* End PBXNativeTarget section */

/* Begin PBXProject section */
		4655F5EE2F7AAFB500BEDC75 /* Project object */ = {
			isa = PBXProject;
			attributes = {
				BuildIndependentTargetsInParallel = 1;
				LastSwiftUpdateCheck = 2610;
				LastUpgradeCheck = 2630;
				TargetAttributes = {
					4655F5F52F7AAFB500BEDC75 = {
						CreatedOnToolsVersion = 26.1.1;
					};
					4655F6022F7AAFB800BEDC75 = {
						CreatedOnToolsVersion = 26.1.1;
						TestTargetID = 4655F5F52F7AAFB500BEDC75;
					};
					4655F60C2F7AAFB800BEDC75 = {
						CreatedOnToolsVersion = 26.1.1;
						TestTargetID = 4655F5F52F7AAFB500BEDC75;
					};
				};
			};
			buildConfigurationList = 4655F5F12F7AAFB500BEDC75 /* Build configuration list for PBXProject "WisprActionsChallange" */;
			developmentRegion = en;
			hasScannedForEncodings = 0;
			knownRegions = (
				en,
				Base,
			);
			mainGroup = 4655F5ED2F7AAFB500BEDC75;
			minimizedProjectReferenceProxies = 1;
			preferredProjectObjectVersion = 77;
			productRefGroup = 4655F5F72F7AAFB500BEDC75 /* Products */;
			projectDirPath = "";
			projectRoot = "";
			targets = (
				4655F5F52F7AAFB500BEDC75 /* WisprActionsChallange */,
				4655F6022F7AAFB800BEDC75 /* WisprActionsChallangeTests */,
				4655F60C2F7AAFB800BEDC75 /* WisprActionsChallangeUITests */,
			);
		};
/* End PBXProject section */

/* Begin PBXResourcesBuildPhase section */
		4655F5F42F7AAFB500BEDC75 /* Resources */ = {
			isa = PBXResourcesBuildPhase;
			buildActionMask = 2147483647;
			files = (
			);
			runOnlyForDeploymentPostprocessing = 0;
		};
		4655F6012F7AAFB800BEDC75 /* Resources */ = {
			isa = PBXResourcesBuildPhase;
			buildActionMask = 2147483647;
			files = (
			);
			runOnlyForDeploymentPostprocessing = 0;
		};
		4655F60B2F7AAFB800BEDC75 /* Resources */ = {
			isa = PBXResourcesBuildPhase;
			buildActionMask = 2147483647;
			files = (
			);
			runOnlyForDeploymentPostprocessing = 0;
		};
/* End PBXResourcesBuildPhase section */

/* Begin PBXSourcesBuildPhase section */
		4655F5F22F7AAFB500BEDC75 /* Sources */ = {
			isa = PBXSourcesBuildPhase;
			buildActionMask = 2147483647;
			files = (
			);
			runOnlyForDeploymentPostprocessing = 0;
		};
		4655F5FF2F7AAFB800BEDC75 /* Sources */ = {
			isa = PBXSourcesBuildPhase;
			buildActionMask = 2147483647;
			files = (
			);
			runOnlyForDeploymentPostprocessing = 0;
		};
		4655F6092F7AAFB800BEDC75 /* Sources */ = {
			isa = PBXSourcesBuildPhase;
			buildActionMask = 2147483647;
			files = (
			);
			runOnlyForDeploymentPostprocessing = 0;
		};
/* End PBXSourcesBuildPhase section */

/* Begin PBXTargetDependency section */
		4655F6052F7AAFB800BEDC75 /* PBXTargetDependency */ = {
			isa = PBXTargetDependency;
			target = 4655F5F52F7AAFB500BEDC75 /* WisprActionsChallange */;
			targetProxy = 4655F6042F7AAFB800BEDC75 /* PBXContainerItemProxy */;
		};
		4655F60F2F7AAFB800BEDC75 /* PBXTargetDependency */ = {
			isa = PBXTargetDependency;
			target = 4655F5F52F7AAFB500BEDC75 /* WisprActionsChallange */;
			targetProxy = 4655F60E2F7AAFB800BEDC75 /* PBXContainerItemProxy */;
		};
/* End PBXTargetDependency section */

/* Begin XCBuildConfiguration section */
		4655F6152F7AAFB800BEDC75 /* Debug */ = {
			isa = XCBuildConfiguration;
			buildSettings = {
				ALWAYS_SEARCH_USER_PATHS = NO;
				ASSETCATALOG_COMPILER_GENERATE_SWIFT_ASSET_SYMBOL_EXTENSIONS = YES;
				CLANG_ANALYZER_NONNULL = YES;
				CLANG_ANALYZER_NUMBER_OBJECT_CONVERSION = YES_AGGRESSIVE;
				CLANG_CXX_LANGUAGE_STANDARD = "gnu++20";
				CLANG_ENABLE_MODULES = YES;
				CLANG_ENABLE_OBJC_ARC = YES;
				CLANG_ENABLE_OBJC_WEAK = YES;
				CLANG_WARN_BLOCK_CAPTURE_AUTORELEASING = YES;
				CLANG_WARN_BOOL_CONVERSION = YES;
				CLANG_WARN_COMMA = YES;
				CLANG_WARN_CONSTANT_CONVERSION = YES;
				CLANG_WARN_DEPRECATED_OBJC_IMPLEMENTATIONS = YES;
				CLANG_WARN_DIRECT_OBJC_ISA_USAGE = YES_ERROR;
				CLANG_WARN_DOCUMENTATION_COMMENTS = YES;
				CLANG_WARN_EMPTY_BODY = YES;
				CLANG_WARN_ENUM_CONVERSION = YES;
				CLANG_WARN_INFINITE_RECURSION = YES;
				CLANG_WARN_INT_CONVERSION = YES;
				CLANG_WARN_NON_LITERAL_NULL_CONVERSION = YES;
				CLANG_WARN_OBJC_IMPLICIT_RETAIN_SELF = YES;
				CLANG_WARN_OBJC_LITERAL_CONVERSION = YES;
				CLANG_WARN_OBJC_ROOT_CLASS = YES_ERROR;
				CLANG_WARN_QUOTED_INCLUDE_IN_FRAMEWORK_HEADER = YES;
				CLANG_WARN_RANGE_LOOP_ANALYSIS = YES;
				CLANG_WARN_STRICT_PROTOTYPES = YES;
				CLANG_WARN_SUSPICIOUS_MOVE = YES;
				CLANG_WARN_UNGUARDED_AVAILABILITY = YES_AGGRESSIVE;
				CLANG_WARN_UNREACHABLE_CODE = YES;
				CLANG_WARN__DUPLICATE_METHOD_MATCH = YES;
				COPY_PHASE_STRIP = NO;
				DEBUG_INFORMATION_FORMAT = dwarf;
				ENABLE_STRICT_OBJC_MSGSEND = YES;
				ENABLE_TESTABILITY = YES;
				ENABLE_USER_SCRIPT_SANDBOXING = YES;
				GCC_C_LANGUAGE_STANDARD = gnu17;
				GCC_DYNAMIC_NO_PIC = NO;
				GCC_NO_COMMON_BLOCKS = YES;
				GCC_OPTIMIZATION_LEVEL = 0;
				GCC_PREPROCESSOR_DEFINITIONS = (
					"DEBUG=1",
					"$(inherited)",
				);
				GCC_WARN_64_TO_32_BIT_CONVERSION = YES;
				GCC_WARN_ABOUT_RETURN_TYPE = YES_ERROR;
				GCC_WARN_UNDECLARED_SELECTOR = YES;
				GCC_WARN_UNINITIALIZED_AUTOS = YES_AGGRESSIVE;
				GCC_WARN_UNUSED_FUNCTION = YES;
				GCC_WARN_UNUSED_VARIABLE = YES;
				IPHONEOS_DEPLOYMENT_TARGET = 26.1;
				LOCALIZATION_PREFERS_STRING_CATALOGS = YES;
				MTL_ENABLE_DEBUG_INFO = INCLUDE_SOURCE;
				MTL_FAST_MATH = YES;
				ONLY_ACTIVE_ARCH = YES;
				SDKROOT = iphoneos;
				STRING_CATALOG_GENERATE_SYMBOLS = YES;
				SWIFT_ACTIVE_COMPILATION_CONDITIONS = "DEBUG $(inherited)";
				SWIFT_OPTIMIZATION_LEVEL = "-Onone";
			};
			name = Debug;
		};
		4655F6162F7AAFB800BEDC75 /* Release */ = {
			isa = XCBuildConfiguration;
			buildSettings = {
				ALWAYS_SEARCH_USER_PATHS = NO;
				ASSETCATALOG_COMPILER_GENERATE_SWIFT_ASSET_SYMBOL_EXTENSIONS = YES;
				CLANG_ANALYZER_NONNULL = YES;
				CLANG_ANALYZER_NUMBER_OBJECT_CONVERSION = YES_AGGRESSIVE;
				CLANG_CXX_LANGUAGE_STANDARD = "gnu++20";
				CLANG_ENABLE_MODULES = YES;
				CLANG_ENABLE_OBJC_ARC = YES;
				CLANG_ENABLE_OBJC_WEAK = YES;
				CLANG_WARN_BLOCK_CAPTURE_AUTORELEASING = YES;
				CLANG_WARN_BOOL_CONVERSION = YES;
				CLANG_WARN_COMMA = YES;
				CLANG_WARN_CONSTANT_CONVERSION = YES;
				CLANG_WARN_DEPRECATED_OBJC_IMPLEMENTATIONS = YES;
				CLANG_WARN_DIRECT_OBJC_ISA_USAGE = YES_ERROR;
				CLANG_WARN_DOCUMENTATION_COMMENTS = YES;
				CLANG_WARN_EMPTY_BODY = YES;
				CLANG_WARN_ENUM_CONVERSION = YES;
				CLANG_WARN_INFINITE_RECURSION = YES;
				CLANG_WARN_INT_CONVERSION = YES;
				CLANG_WARN_NON_LITERAL_NULL_CONVERSION = YES;
				CLANG_WARN_OBJC_IMPLICIT_RETAIN_SELF = YES;
				CLANG_WARN_OBJC_LITERAL_CONVERSION = YES;
				CLANG_WARN_OBJC_ROOT_CLASS = YES_ERROR;
				CLANG_WARN_QUOTED_INCLUDE_IN_FRAMEWORK_HEADER = YES;
				CLANG_WARN_RANGE_LOOP_ANALYSIS = YES;
				CLANG_WARN_STRICT_PROTOTYPES = YES;
				CLANG_WARN_SUSPICIOUS_MOVE = YES;
				CLANG_WARN_UNGUARDED_AVAILABILITY = YES_AGGRESSIVE;
				CLANG_WARN_UNREACHABLE_CODE = YES;
				CLANG_WARN__DUPLICATE_METHOD_MATCH = YES;
				COPY_PHASE_STRIP = NO;
				DEBUG_INFORMATION_FORMAT = "dwarf-with-dsym";
				ENABLE_NS_ASSERTIONS = NO;
				ENABLE_STRICT_OBJC_MSGSEND = YES;
				ENABLE_USER_SCRIPT_SANDBOXING = YES;
				GCC_C_LANGUAGE_STANDARD = gnu17;
				GCC_NO_COMMON_BLOCKS = YES;
				GCC_WARN_64_TO_32_BIT_CONVERSION = YES;
				GCC_WARN_ABOUT_RETURN_TYPE = YES_ERROR;
				GCC_WARN_UNDECLARED_SELECTOR = YES;
				GCC_WARN_UNINITIALIZED_AUTOS = YES_AGGRESSIVE;
				GCC_WARN_UNUSED_FUNCTION = YES;
				GCC_WARN_UNUSED_VARIABLE = YES;
				IPHONEOS_DEPLOYMENT_TARGET = 26.1;
				LOCALIZATION_PREFERS_STRING_CATALOGS = YES;
				MTL_ENABLE_DEBUG_INFO = NO;
				MTL_FAST_MATH = YES;
				SDKROOT = iphoneos;
				STRING_CATALOG_GENERATE_SYMBOLS = YES;
				SWIFT_COMPILATION_MODE = wholemodule;
				VALIDATE_PRODUCT = YES;
			};
			name = Release;
		};
		4655F6182F7AAFB800BEDC75 /* Debug */ = {
			isa = XCBuildConfiguration;
			buildSettings = {
				ASSETCATALOG_COMPILER_APPICON_NAME = AppIcon;
				ASSETCATALOG_COMPILER_GLOBAL_ACCENT_COLOR_NAME = AccentColor;
				CODE_SIGN_STYLE = Automatic;
				CURRENT_PROJECT_VERSION = 1;
				DEVELOPMENT_TEAM = U8HL2629AJ;
				ENABLE_PREVIEWS = YES;
				GENERATE_INFOPLIST_FILE = YES;
				INFOPLIST_KEY_NSMicrophoneUsageDescription = "We need microphone usage to capture your voice commands";
				INFOPLIST_KEY_NSSpeechRecognitionUsageDescription = "We use the speech recognition to process voice into commands";
				INFOPLIST_KEY_UIApplicationSceneManifest_Generation = YES;
				INFOPLIST_KEY_UIApplicationSupportsIndirectInputEvents = YES;
				INFOPLIST_KEY_UILaunchScreen_Generation = YES;
				INFOPLIST_KEY_UISupportedInterfaceOrientations_iPad = "UIInterfaceOrientationPortrait UIInterfaceOrientationPortraitUpsideDown UIInterfaceOrientationLandscapeLeft UIInterfaceOrientationLandscapeRight";
				INFOPLIST_KEY_UISupportedInterfaceOrientations_iPhone = "UIInterfaceOrientationPortrait UIInterfaceOrientationLandscapeLeft UIInterfaceOrientationLandscapeRight";
				LD_RUNPATH_SEARCH_PATHS = (
					"$(inherited)",
					"@executable_path/Frameworks",
				);
				MARKETING_VERSION = 1.0;
				PRODUCT_BUNDLE_IDENTIFIER = romulo.WisprActionsChallange;
				PRODUCT_NAME = "$(TARGET_NAME)";
				STRING_CATALOG_GENERATE_SYMBOLS = YES;
				SWIFT_APPROACHABLE_CONCURRENCY = YES;
				SWIFT_DEFAULT_ACTOR_ISOLATION = MainActor;
				SWIFT_EMIT_LOC_STRINGS = YES;
				SWIFT_UPCOMING_FEATURE_MEMBER_IMPORT_VISIBILITY = YES;
				SWIFT_VERSION = 5.0;
				TARGETED_DEVICE_FAMILY = "1,2";
			};
			name = Debug;
		};
		4655F6192F7AAFB800BEDC75 /* Release */ = {
			isa = XCBuildConfiguration;
			buildSettings = {
				ASSETCATALOG_COMPILER_APPICON_NAME = AppIcon;
				ASSETCATALOG_COMPILER_GLOBAL_ACCENT_COLOR_NAME = AccentColor;
				CODE_SIGN_STYLE = Automatic;
				CURRENT_PROJECT_VERSION = 1;
				DEVELOPMENT_TEAM = U8HL2629AJ;
				ENABLE_PREVIEWS = YES;
				GENERATE_INFOPLIST_FILE = YES;
				INFOPLIST_KEY_NSMicrophoneUsageDescription = "We need microphone usage to capture your voice commands";
				INFOPLIST_KEY_NSSpeechRecognitionUsageDescription = "We use the speech recognition to process voice into commands";
				INFOPLIST_KEY_UIApplicationSceneManifest_Generation = YES;
				INFOPLIST_KEY_UIApplicationSupportsIndirectInputEvents = YES;
				INFOPLIST_KEY_UILaunchScreen_Generation = YES;
				INFOPLIST_KEY_UISupportedInterfaceOrientations_iPad = "UIInterfaceOrientationPortrait UIInterfaceOrientationPortraitUpsideDown UIInterfaceOrientationLandscapeLeft UIInterfaceOrientationLandscapeRight";
				INFOPLIST_KEY_UISupportedInterfaceOrientations_iPhone = "UIInterfaceOrientationPortrait UIInterfaceOrientationLandscapeLeft UIInterfaceOrientationLandscapeRight";
				LD_RUNPATH_SEARCH_PATHS = (
					"$(inherited)",
					"@executable_path/Frameworks",
				);
				MARKETING_VERSION = 1.0;
				PRODUCT_BUNDLE_IDENTIFIER = romulo.WisprActionsChallange;
				PRODUCT_NAME = "$(TARGET_NAME)";
				STRING_CATALOG_GENERATE_SYMBOLS = YES;
				SWIFT_APPROACHABLE_CONCURRENCY = YES;
				SWIFT_DEFAULT_ACTOR_ISOLATION = MainActor;
				SWIFT_EMIT_LOC_STRINGS = YES;
				SWIFT_UPCOMING_FEATURE_MEMBER_IMPORT_VISIBILITY = YES;
				SWIFT_VERSION = 5.0;
				TARGETED_DEVICE_FAMILY = "1,2";
			};
			name = Release;
		};
		4655F61B2F7AAFB800BEDC75 /* Debug */ = {
			isa = XCBuildConfiguration;
			buildSettings = {
				BUNDLE_LOADER = "$(TEST_HOST)";
				CODE_SIGN_STYLE = Automatic;
				CURRENT_PROJECT_VERSION = 1;
				GENERATE_INFOPLIST_FILE = YES;
				IPHONEOS_DEPLOYMENT_TARGET = 26.1;
				MARKETING_VERSION = 1.0;
				PRODUCT_BUNDLE_IDENTIFIER = romulo.WisprActionsChallangeTests;
				PRODUCT_NAME = "$(TARGET_NAME)";
				STRING_CATALOG_GENERATE_SYMBOLS = NO;
				SWIFT_APPROACHABLE_CONCURRENCY = YES;
				SWIFT_EMIT_LOC_STRINGS = NO;
				SWIFT_UPCOMING_FEATURE_MEMBER_IMPORT_VISIBILITY = YES;
				SWIFT_VERSION = 5.0;
				TARGETED_DEVICE_FAMILY = "1,2";
				TEST_HOST = "$(BUILT_PRODUCTS_DIR)/WisprActionsChallange.app/$(BUNDLE_EXECUTABLE_FOLDER_PATH)/WisprActionsChallange";
			};
			name = Debug;
		};
		4655F61C2F7AAFB800BEDC75 /* Release */ = {
			isa = XCBuildConfiguration;
			buildSettings = {
				BUNDLE_LOADER = "$(TEST_HOST)";
				CODE_SIGN_STYLE = Automatic;
				CURRENT_PROJECT_VERSION = 1;
				GENERATE_INFOPLIST_FILE = YES;
				IPHONEOS_DEPLOYMENT_TARGET = 26.1;
				MARKETING_VERSION = 1.0;
				PRODUCT_BUNDLE_IDENTIFIER = romulo.WisprActionsChallangeTests;
				PRODUCT_NAME = "$(TARGET_NAME)";
				STRING_CATALOG_GENERATE_SYMBOLS = NO;
				SWIFT_APPROACHABLE_CONCURRENCY = YES;
				SWIFT_EMIT_LOC_STRINGS = NO;
				SWIFT_UPCOMING_FEATURE_MEMBER_IMPORT_VISIBILITY = YES;
				SWIFT_VERSION = 5.0;
				TARGETED_DEVICE_FAMILY = "1,2";
				TEST_HOST = "$(BUILT_PRODUCTS_DIR)/WisprActionsChallange.app/$(BUNDLE_EXECUTABLE_FOLDER_PATH)/WisprActionsChallange";
			};
			name = Release;
		};
		4655F61E2F7AAFB800BEDC75 /* Debug */ = {
			isa = XCBuildConfiguration;
			buildSettings = {
				CODE_SIGN_STYLE = Automatic;
				CURRENT_PROJECT_VERSION = 1;
				GENERATE_INFOPLIST_FILE = YES;
				MARKETING_VERSION = 1.0;
				PRODUCT_BUNDLE_IDENTIFIER = romulo.WisprActionsChallangeUITests;
				PRODUCT_NAME = "$(TARGET_NAME)";
				STRING_CATALOG_GENERATE_SYMBOLS = NO;
				SWIFT_APPROACHABLE_CONCURRENCY = YES;
				SWIFT_EMIT_LOC_STRINGS = NO;
				SWIFT_UPCOMING_FEATURE_MEMBER_IMPORT_VISIBILITY = YES;
				SWIFT_VERSION = 5.0;
				TARGETED_DEVICE_FAMILY = "1,2";
				TEST_TARGET_NAME = WisprActionsChallange;
			};
			name = Debug;
		};
		4655F61F2F7AAFB800BEDC75 /* Release */ = {
			isa = XCBuildConfiguration;
			buildSettings = {
				CODE_SIGN_STYLE = Automatic;
				CURRENT_PROJECT_VERSION = 1;
				GENERATE_INFOPLIST_FILE = YES;
				MARKETING_VERSION = 1.0;
				PRODUCT_BUNDLE_IDENTIFIER = romulo.WisprActionsChallangeUITests;
				PRODUCT_NAME = "$(TARGET_NAME)";
				STRING_CATALOG_GENERATE_SYMBOLS = NO;
				SWIFT_APPROACHABLE_CONCURRENCY = YES;
				SWIFT_EMIT_LOC_STRINGS = NO;
				SWIFT_UPCOMING_FEATURE_MEMBER_IMPORT_VISIBILITY = YES;
				SWIFT_VERSION = 5.0;
				TARGETED_DEVICE_FAMILY = "1,2";
				TEST_TARGET_NAME = WisprActionsChallange;
			};
			name = Release;
		};
/* End XCBuildConfiguration section */

/* Begin XCConfigurationList section */
		4655F5F12F7AAFB500BEDC75 /* Build configuration list for PBXProject "WisprActionsChallange" */ = {
			isa = XCConfigurationList;
			buildConfigurations = (
				4655F6152F7AAFB800BEDC75 /* Debug */,
				4655F6162F7AAFB800BEDC75 /* Release */,
			);
			defaultConfigurationIsVisible = 0;
			defaultConfigurationName = Release;
		};
		4655F6172F7AAFB800BEDC75 /* Build configuration list for PBXNativeTarget "WisprActionsChallange" */ = {
			isa = XCConfigurationList;
			buildConfigurations = (
				4655F6182F7AAFB800BEDC75 /* Debug */,
				4655F6192F7AAFB800BEDC75 /* Release */,
			);
			defaultConfigurationIsVisible = 0;
			defaultConfigurationName = Release;
		};
		4655F61A2F7AAFB800BEDC75 /* Build configuration list for PBXNativeTarget "WisprActionsChallangeTests" */ = {
			isa = XCConfigurationList;
			buildConfigurations = (
				4655F61B2F7AAFB800BEDC75 /* Debug */,
				4655F61C2F7AAFB800BEDC75 /* Release */,
			);
			defaultConfigurationIsVisible = 0;
			defaultConfigurationName = Release;
		};
		4655F61D2F7AAFB800BEDC75 /* Build configuration list for PBXNativeTarget "WisprActionsChallangeUITests" */ = {
			isa = XCConfigurationList;
			buildConfigurations = (
				4655F61E2F7AAFB800BEDC75 /* Debug */,
				4655F61F2F7AAFB800BEDC75 /* Release */,
			);
			defaultConfigurationIsVisible = 0;
			defaultConfigurationName = Release;
		};
/* End XCConfigurationList section */
	};
	rootObject = 4655F5EE2F7AAFB500BEDC75 /* Project object */;
}
